Microsoft Visual Studio Solution File, Format Version 12.00
# Visual Studio Version 16
VisualStudioVersion = 16.0.29009.5
MinimumVisualStudioVersion = 10.0.40219.1
Project("{2150E333-8FDC-42A3-9474-1A3956D46DE8}") = ".paket", ".paket", "{63297B98-5CED-492C-A5B7-A5B4F73CF142}"
	ProjectSection(SolutionItems) = preProject
		Nuget.Config = Nuget.Config
		paket.dependencies = paket.dependencies
		paket.lock = paket.lock
		paket.references = paket.references
	EndProjectSection
EndProject
Project("{2150E333-8FDC-42A3-9474-1A3956D46DE8}") = "project", "project", "{BF60BC93-E09B-4E5F-9D85-95A519479D54}"
	ProjectSection(SolutionItems) = preProject
		.editorconfig = .editorconfig
		.github\ISSUE_TEMPLATE\BUG_REPORT.md = .github\ISSUE_TEMPLATE\BUG_REPORT.md
		.github\ISSUE_TEMPLATE\FEATURE_REQUEST.md = .github\ISSUE_TEMPLATE\FEATURE_REQUEST.md
		.github\PULL_REQUEST_TEMPLATE.md = .github\PULL_REQUEST_TEMPLATE.md
		README.md = README.md
		RELEASE_NOTES.md = RELEASE_NOTES.md
	EndProjectSection
EndProject
Project("{2150E333-8FDC-42A3-9474-1A3956D46DE8}") = "git", "git", "{078A9C52-DDC1-46F4-9235-9E6C89C87AFD}"
	ProjectSection(SolutionItems) = preProject
		.gitattributes = .gitattributes
		.gitignore = .gitignore
	EndProjectSection
EndProject
Project("{2150E333-8FDC-42A3-9474-1A3956D46DE8}") = ".build", ".build", "{7C6D08E7-3EAC-4335-8F4B-252C193C27C9}"
	ProjectSection(SolutionItems) = preProject
		appveyor.yml = appveyor.yml
		build.cmd = build.cmd
		build.fsx = build.fsx
		build.proj = build.proj
		build.sh = build.sh
	EndProjectSection
EndProject
Project("{2150E333-8FDC-42A3-9474-1A3956D46DE8}") = "tools", "tools", "{55637037-300B-4FA5-8D14-B2CECCCD4B0D}"
EndProject
Project("{6EC3EE1D-3C4E-46DD-8F32-0CC8E7565705}") = "tools", "tools\tools.fsproj", "{E03A3045-EEAB-4616-B0D8-A50A1B75F72B}"
EndProject
Project("{2150E333-8FDC-42A3-9474-1A3956D46DE8}") = "web", "web", "{7F29BFE8-02B3-4763-838C-3D8228334B4B}"
	ProjectSection(SolutionItems) = preProject
		.yarnrc = .yarnrc
		package.json = package.json
		publish.js = publish.js
		startDemoServer.js = startDemoServer.js
		startTestServer.js = startTestServer.js
		webpack.config.js = webpack.config.js
		yarn.lock = yarn.lock
	EndProjectSection
EndProject
Project("{2150E333-8FDC-42A3-9474-1A3956D46DE8}") = "tests", "tests", "{27F9F1A6-C6B4-4539-B013-8549B4A6E1B5}"
EndProject
Project("{2150E333-8FDC-42A3-9474-1A3956D46DE8}") = "docs", "docs", "{D05F59F8-14B6-44AB-8FE6-493EE0CA4A75}"
	ProjectSection(SolutionItems) = preProject
		docs\contributing.md = docs\contributing.md
		docs\index.html = docs\index.html
		docs\installation.md = docs\installation.md
		docs\integration-testing.md = docs\integration-testing.md
		docs\README.md = docs\README.md
	EndProjectSection
EndProject
Project("{2150E333-8FDC-42A3-9474-1A3956D46DE8}") = "styles", "styles", "{80A18350-F484-458A-BAC0-64EE73830C5F}"
	ProjectSection(SolutionItems) = preProject
		docs\styles\website.css = docs\styles\website.css
	EndProjectSection
EndProject
Project("{2150E333-8FDC-42A3-9474-1A3956D46DE8}") = "demo", "demo", "{EC117A2E-CAE1-4143-81F8-6F6B41AC48B4}"
EndProject
Project("{6EC3EE1D-3C4E-46DD-8F32-0CC8E7565705}") = "Client", "demo\Client\Client.fsproj", "{0F05C164-FC1E-4FC1-B213-3ED677592D25}"
EndProject
Project("{6EC3EE1D-3C4E-46DD-8F32-0CC8E7565705}") = "Server", "demo\Server\Server.fsproj", "{FE5C8B58-E228-404F-9EA8-E4808CAEE9D4}"
EndProject
Project("{6EC3EE1D-3C4E-46DD-8F32-0CC8E7565705}") = "Shared", "demo\Shared\Shared.fsproj", "{59F17747-6D36-474F-B11E-3D904C511587}"
EndProject
Project("{6EC3EE1D-3C4E-46DD-8F32-0CC8E7565705}") = "Fable.SignalR", "src\Fable.SignalR\Fable.SignalR.fsproj", "{284463AC-094F-46D1-9DD2-03DF87CAF73B}"
EndProject
Project("{6EC3EE1D-3C4E-46DD-8F32-0CC8E7565705}") = "Fable.SignalR.Tests", "tests\Fable.SignalR.Tests\Fable.SignalR.Tests.fsproj", "{20AEA7CD-4388-4F1B-ADA5-B547CE69709A}"
EndProject
Project("{6EC3EE1D-3C4E-46DD-8F32-0CC8E7565705}") = "Fable.SignalR.Saturn", "src\Fable.SignalR.Saturn\Fable.SignalR.Saturn.fsproj", "{28889A5B-0211-4D11-BED1-E1CAC75AC56A}"
EndProject
Project("{6EC3EE1D-3C4E-46DD-8F32-0CC8E7565705}") = "Fable.SignalR.AspNetCore", "src\Fable.SignalR.AspNetCore\Fable.SignalR.AspNetCore.fsproj", "{70E1E507-275B-4BB6-9819-131A4A58E0C6}"
EndProject
Project("{6EC3EE1D-3C4E-46DD-8F32-0CC8E7565705}") = "Fable.SignalR.Elmish", "src\Fable.SignalR.Elmish\Fable.SignalR.Elmish.fsproj", "{7FBCC628-33B0-42E7-BE7C-77BB089B5E1F}"
EndProject
Project("{6EC3EE1D-3C4E-46DD-8F32-0CC8E7565705}") = "Fable.SignalR.Feliz", "src\Fable.SignalR.Feliz\Fable.SignalR.Feliz.fsproj", "{07054AA0-E8D5-4CD2-A774-A515CB4F2EBD}"
EndProject
Project("{2150E333-8FDC-42A3-9474-1A3956D46DE8}") = "signalr-client", "signalr-client", "{C6935C85-DA7D-47B2-934B-2E90568EB4EC}"
	ProjectSection(SolutionItems) = preProject
		docs\signalr-client\api.md = docs\signalr-client\api.md
		docs\signalr-client\connecting.md = docs\signalr-client\connecting.md
		docs\signalr-client\messages.md = docs\signalr-client\messages.md
		docs\signalr-client\README.md = docs\signalr-client\README.md
		docs\signalr-client\streaming-client.md = docs\signalr-client\streaming-client.md
		docs\signalr-client\streaming-server.md = docs\signalr-client\streaming-server.md
	EndProjectSection
EndProject
Project("{2150E333-8FDC-42A3-9474-1A3956D46DE8}") = "signalr-server", "signalr-server", "{5336DEEE-6183-44BE-9A9F-DAF2F85C9465}"
	ProjectSection(SolutionItems) = preProject
		docs\signalr-server\api.md = docs\signalr-server\api.md
		docs\signalr-server\aspnetcore.md = docs\signalr-server\aspnetcore.md
		docs\signalr-server\README.md = docs\signalr-server\README.md
		docs\signalr-server\saturn.md = docs\signalr-server\saturn.md
	EndProjectSection
EndProject
Project("{6EC3EE1D-3C4E-46DD-8F32-0CC8E7565705}") = "Fable.SignalR.TestServer", "tests\Fable.SignalR.TestServer\Fable.SignalR.TestServer.fsproj", "{6DCEC050-2B9B-4DF7-AE21-D554965EF5A1}"
EndProject
Project("{6EC3EE1D-3C4E-46DD-8F32-0CC8E7565705}") = "Fable.SignalR.TestShared", "tests\Fable.SignalR.TestShared\Fable.SignalR.TestShared.fsproj", "{BE9FFEDE-5036-46EA-A4EA-345476C2F678}"
EndProject
Global
	GlobalSection(SolutionConfigurationPlatforms) = preSolution
		Debug|Any CPU = Debug|Any CPU
		Release|Any CPU = Release|Any CPU
	EndGlobalSection
	GlobalSection(ProjectConfigurationPlatforms) = postSolution
		{E03A3045-EEAB-4616-B0D8-A50A1B75F72B}.Debug|Any CPU.ActiveCfg = Debug|Any CPU
		{E03A3045-EEAB-4616-B0D8-A50A1B75F72B}.Debug|Any CPU.Build.0 = Debug|Any CPU
		{E03A3045-EEAB-4616-B0D8-A50A1B75F72B}.Release|Any CPU.ActiveCfg = Release|Any CPU
		{E03A3045-EEAB-4616-B0D8-A50A1B75F72B}.Release|Any CPU.Build.0 = Release|Any CPU
		{0F05C164-FC1E-4FC1-B213-3ED677592D25}.Debug|Any CPU.ActiveCfg = Debug|Any CPU
		{0F05C164-FC1E-4FC1-B213-3ED677592D25}.Debug|Any CPU.Build.0 = Debug|Any CPU
		{0F05C164-FC1E-4FC1-B213-3ED677592D25}.Release|Any CPU.ActiveCfg = Release|Any CPU
		{0F05C164-FC1E-4FC1-B213-3ED677592D25}.Release|Any CPU.Build.0 = Release|Any CPU
		{FE5C8B58-E228-404F-9EA8-E4808CAEE9D4}.Debug|Any CPU.ActiveCfg = Debug|Any CPU
		{FE5C8B58-E228-404F-9EA8-E4808CAEE9D4}.Debug|Any CPU.Build.0 = Debug|Any CPU
		{FE5C8B58-E228-404F-9EA8-E4808CAEE9D4}.Release|Any CPU.ActiveCfg = Release|Any CPU
		{FE5C8B58-E228-404F-9EA8-E4808CAEE9D4}.Release|Any CPU.Build.0 = Release|Any CPU
		{59F17747-6D36-474F-B11E-3D904C511587}.Debug|Any CPU.ActiveCfg = Debug|Any CPU
		{59F17747-6D36-474F-B11E-3D904C511587}.Debug|Any CPU.Build.0 = Debug|Any CPU
		{59F17747-6D36-474F-B11E-3D904C511587}.Release|Any CPU.ActiveCfg = Release|Any CPU
		{59F17747-6D36-474F-B11E-3D904C511587}.Release|Any CPU.Build.0 = Release|Any CPU
		{284463AC-094F-46D1-9DD2-03DF87CAF73B}.Debug|Any CPU.ActiveCfg = Debug|Any CPU
		{284463AC-094F-46D1-9DD2-03DF87CAF73B}.Debug|Any CPU.Build.0 = Debug|Any CPU
		{284463AC-094F-46D1-9DD2-03DF87CAF73B}.Release|Any CPU.ActiveCfg = Release|Any CPU
		{284463AC-094F-46D1-9DD2-03DF87CAF73B}.Release|Any CPU.Build.0 = Release|Any CPU
		{20AEA7CD-4388-4F1B-ADA5-B547CE69709A}.Debug|Any CPU.ActiveCfg = Debug|Any CPU
		{20AEA7CD-4388-4F1B-ADA5-B547CE69709A}.Debug|Any CPU.Build.0 = Debug|Any CPU
		{20AEA7CD-4388-4F1B-ADA5-B547CE69709A}.Release|Any CPU.ActiveCfg = Release|Any CPU
		{20AEA7CD-4388-4F1B-ADA5-B547CE69709A}.Release|Any CPU.Build.0 = Release|Any CPU
		{28889A5B-0211-4D11-BED1-E1CAC75AC56A}.Debug|Any CPU.ActiveCfg = Debug|Any CPU
		{28889A5B-0211-4D11-BED1-E1CAC75AC56A}.Debug|Any CPU.Build.0 = Debug|Any CPU
		{28889A5B-0211-4D11-BED1-E1CAC75AC56A}.Release|Any CPU.ActiveCfg = Release|Any CPU
		{28889A5B-0211-4D11-BED1-E1CAC75AC56A}.Release|Any CPU.Build.0 = Release|Any CPU
		{70E1E507-275B-4BB6-9819-131A4A58E0C6}.Debug|Any CPU.ActiveCfg = Debug|Any CPU
		{70E1E507-275B-4BB6-9819-131A4A58E0C6}.Debug|Any CPU.Build.0 = Debug|Any CPU
		{70E1E507-275B-4BB6-9819-131A4A58E0C6}.Release|Any CPU.ActiveCfg = Release|Any CPU
		{70E1E507-275B-4BB6-9819-131A4A58E0C6}.Release|Any CPU.Build.0 = Release|Any CPU
		{7FBCC628-33B0-42E7-BE7C-77BB089B5E1F}.Debug|Any CPU.ActiveCfg = Debug|Any CPU
		{7FBCC628-33B0-42E7-BE7C-77BB089B5E1F}.Debug|Any CPU.Build.0 = Debug|Any CPU
		{7FBCC628-33B0-42E7-BE7C-77BB089B5E1F}.Release|Any CPU.ActiveCfg = Release|Any CPU
		{7FBCC628-33B0-42E7-BE7C-77BB089B5E1F}.Release|Any CPU.Build.0 = Release|Any CPU
		{07054AA0-E8D5-4CD2-A774-A515CB4F2EBD}.Debug|Any CPU.ActiveCfg = Debug|Any CPU
		{07054AA0-E8D5-4CD2-A774-A515CB4F2EBD}.Debug|Any CPU.Build.0 = Debug|Any CPU
		{07054AA0-E8D5-4CD2-A774-A515CB4F2EBD}.Release|Any CPU.ActiveCfg = Release|Any CPU
		{07054AA0-E8D5-4CD2-A774-A515CB4F2EBD}.Release|Any CPU.Build.0 = Release|Any CPU
		{6DCEC050-2B9B-4DF7-AE21-D554965EF5A1}.Debug|Any CPU.ActiveCfg = Debug|Any CPU
		{6DCEC050-2B9B-4DF7-AE21-D554965EF5A1}.Debug|Any CPU.Build.0 = Debug|Any CPU
		{6DCEC050-2B9B-4DF7-AE21-D554965EF5A1}.Release|Any CPU.ActiveCfg = Release|Any CPU
		{6DCEC050-2B9B-4DF7-AE21-D554965EF5A1}.Release|Any CPU.Build.0 = Release|Any CPU
		{BE9FFEDE-5036-46EA-A4EA-345476C2F678}.Debug|Any CPU.ActiveCfg = Debug|Any CPU
		{BE9FFEDE-5036-46EA-A4EA-345476C2F678}.Debug|Any CPU.Build.0 = Debug|Any CPU
		{BE9FFEDE-5036-46EA-A4EA-345476C2F678}.Release|Any CPU.ActiveCfg = Release|Any CPU
		{BE9FFEDE-5036-46EA-A4EA-345476C2F678}.Release|Any CPU.Build.0 = Release|Any CPU
	EndGlobalSection
	GlobalSection(SolutionProperties) = preSolution
		HideSolutionNode = FALSE
	EndGlobalSection
	GlobalSection(NestedProjects) = preSolution
		{E03A3045-EEAB-4616-B0D8-A50A1B75F72B} = {55637037-300B-4FA5-8D14-B2CECCCD4B0D}
		{80A18350-F484-458A-BAC0-64EE73830C5F} = {D05F59F8-14B6-44AB-8FE6-493EE0CA4A75}
		{0F05C164-FC1E-4FC1-B213-3ED677592D25} = {EC117A2E-CAE1-4143-81F8-6F6B41AC48B4}
		{FE5C8B58-E228-404F-9EA8-E4808CAEE9D4} = {EC117A2E-CAE1-4143-81F8-6F6B41AC48B4}
		{59F17747-6D36-474F-B11E-3D904C511587} = {EC117A2E-CAE1-4143-81F8-6F6B41AC48B4}
		{20AEA7CD-4388-4F1B-ADA5-B547CE69709A} = {27F9F1A6-C6B4-4539-B013-8549B4A6E1B5}
		{C6935C85-DA7D-47B2-934B-2E90568EB4EC} = {D05F59F8-14B6-44AB-8FE6-493EE0CA4A75}
		{5336DEEE-6183-44BE-9A9F-DAF2F85C9465} = {D05F59F8-14B6-44AB-8FE6-493EE0CA4A75}
		{6DCEC050-2B9B-4DF7-AE21-D554965EF5A1} = {27F9F1A6-C6B4-4539-B013-8549B4A6E1B5}
		{BE9FFEDE-5036-46EA-A4EA-345476C2F678} = {27F9F1A6-C6B4-4539-B013-8549B4A6E1B5}
	EndGlobalSection
	GlobalSection(ExtensibilityGlobals) = postSolution
		SolutionGuid = {96DAE6A9-B1CC-4FF7-B08C-D5FBFD55B385}
	EndGlobalSection
EndGlobal
